
Microsoft Visual Studio Solution File, Format Version 12.00
# Visual Studio Version 17
VisualStudioVersion = 17.7.34024.191
MinimumVisualStudioVersion = 10.0.40219.1
Project("{9A19103F-16F7-4668-BE54-9A1E7A4F7556}") = "MinCQRS.Domain", "MinCQRS.Domain\MinCQRS.Domain.csproj", "{48A61B07-843C-460E-9285-8588E561A211}"
EndProject
Project("{9A19103F-16F7-4668-BE54-9A1E7A4F7556}") = "MinCQRS.DAL", "MinCQRS.DAL\MinCQRS.DAL.csproj", "{6541AE46-0DEF-48E8-88B4-6B6917761B72}"
EndProject
Project("{9A19103F-16F7-4668-BE54-9A1E7A4F7556}") = "MinCQRS.BLL", "MinCQRS.BLL\MinCQRS.BLL.csproj", "{EB2A73A5-6F6B-4988-B750-ACDE96EF856D}"
EndProject
Project("{9A19103F-16F7-4668-BE54-9A1E7A4F7556}") = "MinCQRS.Application", "MinCQRS.Application\MinCQRS.Application.csproj", "{A0B90E4E-9452-4E9D-89BE-AAF9C38565B1}"
EndProject
Project("{9A19103F-16F7-4668-BE54-9A1E7A4F7556}") = "MinCQRS.API", "MinCQRS.API\MinCQRS.API.csproj", "{DD8BA5EF-1549-4E7A-BA02-8225BCC58750}"
EndProject
Project("{2150E333-8FDC-42A3-9474-1A3956D46DE8}") = "Solution Items", "Solution Items", "{9A9F60E5-9FE2-488E-96A5-6F953568CEC7}"
	ProjectSection(SolutionItems) = preProject
		.editorconfig = .editorconfig
	EndProjectSection
EndProject
Project("{FAE04EC0-301F-11D3-BF4B-00C04F79EFBC}") = "MinCQRS.Architecture.Tests", "MinCQRS.Architecture.Tests\MinCQRS.Architecture.Tests.csproj", "{A1B28B91-E8EF-4698-9541-3D465A86FA21}"
EndProject
Project("{2150E333-8FDC-42A3-9474-1A3956D46DE8}") = "Tests", "Tests", "{452E304D-6FDC-4752-B57E-AAFA6E2C3634}"
EndProject
Project("{FAE04EC0-301F-11D3-BF4B-00C04F79EFBC}") = "MinCQRS.API.Integration.Tests", "MinCQRS.API.Integration.Tests\MinCQRS.API.Integration.Tests.csproj", "{E1A8397A-C1B7-4981-A791-741B2F377C4C}"
EndProject
Global
	GlobalSection(SolutionConfigurationPlatforms) = preSolution
		Debug|Any CPU = Debug|Any CPU
		Release|Any CPU = Release|Any CPU
	EndGlobalSection
	GlobalSection(ProjectConfigurationPlatforms) = postSolution
		{48A61B07-843C-460E-9285-8588E561A211}.Debug|Any CPU.ActiveCfg = Debug|Any CPU
		{48A61B07-843C-460E-9285-8588E561A211}.Debug|Any CPU.Build.0 = Debug|Any CPU
		{48A61B07-843C-460E-9285-8588E561A211}.Release|Any CPU.ActiveCfg = Release|Any CPU
		{48A61B07-843C-460E-9285-8588E561A211}.Release|Any CPU.Build.0 = Release|Any CPU
		{6541AE46-0DEF-48E8-88B4-6B6917761B72}.Debug|Any CPU.ActiveCfg = Debug|Any CPU
		{6541AE46-0DEF-48E8-88B4-6B6917761B72}.Debug|Any CPU.Build.0 = Debug|Any CPU
		{6541AE46-0DEF-48E8-88B4-6B6917761B72}.Release|Any CPU.ActiveCfg = Release|Any CPU
		{6541AE46-0DEF-48E8-88B4-6B6917761B72}.Release|Any CPU.Build.0 = Release|Any CPU
		{EB2A73A5-6F6B-4988-B750-ACDE96EF856D}.Debug|Any CPU.ActiveCfg = Debug|Any CPU
		{EB2A73A5-6F6B-4988-B750-ACDE96EF856D}.Debug|Any CPU.Build.0 = Debug|Any CPU
		{EB2A73A5-6F6B-4988-B750-ACDE96EF856D}.Release|Any CPU.ActiveCfg = Release|Any CPU
		{EB2A73A5-6F6B-4988-B750-ACDE96EF856D}.Release|Any CPU.Build.0 = Release|Any CPU
		{A0B90E4E-9452-4E9D-89BE-AAF9C38565B1}.Debug|Any CPU.ActiveCfg = Debug|Any CPU
		{A0B90E4E-9452-4E9D-89BE-AAF9C38565B1}.Debug|Any CPU.Build.0 = Debug|Any CPU
		{A0B90E4E-9452-4E9D-89BE-AAF9C38565B1}.Release|Any CPU.ActiveCfg = Release|Any CPU
		{A0B90E4E-9452-4E9D-89BE-AAF9C38565B1}.Release|Any CPU.Build.0 = Release|Any CPU
		{DD8BA5EF-1549-4E7A-BA02-8225BCC58750}.Debug|Any CPU.ActiveCfg = Debug|Any CPU
		{DD8BA5EF-1549-4E7A-BA02-8225BCC58750}.Debug|Any CPU.Build.0 = Debug|Any CPU
		{DD8BA5EF-1549-4E7A-BA02-8225BCC58750}.Release|Any CPU.ActiveCfg = Release|Any CPU
		{DD8BA5EF-1549-4E7A-BA02-8225BCC58750}.Release|Any CPU.Build.0 = Release|Any CPU
		{A1B28B91-E8EF-4698-9541-3D465A86FA21}.Debug|Any CPU.ActiveCfg = Debug|Any CPU
		{A1B28B91-E8EF-4698-9541-3D465A86FA21}.Debug|Any CPU.Build.0 = Debug|Any CPU
		{A1B28B91-E8EF-4698-9541-3D465A86FA21}.Release|Any CPU.ActiveCfg = Release|Any CPU
		{A1B28B91-E8EF-4698-9541-3D465A86FA21}.Release|Any CPU.Build.0 = Release|Any CPU
		{E1A8397A-C1B7-4981-A791-741B2F377C4C}.Debug|Any CPU.ActiveCfg = Debug|Any CPU
		{E1A8397A-C1B7-4981-A791-741B2F377C4C}.Debug|Any CPU.Build.0 = Debug|Any CPU
		{E1A8397A-C1B7-4981-A791-741B2F377C4C}.Release|Any CPU.ActiveCfg = Release|Any CPU
		{E1A8397A-C1B7-4981-A791-741B2F377C4C}.Release|Any CPU.Build.0 = Release|Any CPU
	EndGlobalSection
	GlobalSection(SolutionProperties) = preSolution
		HideSolutionNode = FALSE
	EndGlobalSection
	GlobalSection(NestedProjects) = preSolution
		{A1B28B91-E8EF-4698-9541-3D465A86FA21} = {452E304D-6FDC-4752-B57E-AAFA6E2C3634}
		{E1A8397A-C1B7-4981-A791-741B2F377C4C} = {452E304D-6FDC-4752-B57E-AAFA6E2C3634}
	EndGlobalSection
	GlobalSection(ExtensibilityGlobals) = postSolution
		SolutionGuid = {57FC5C63-6E38-4DE2-B40D-CB4CDE6E14FD}
	EndGlobalSection
EndGlobal
