
Microsoft Visual Studio Solution File, Format Version 12.00
# Visual Studio Version 17
VisualStudioVersion = 17.7.34024.191
MinimumVisualStudioVersion = 10.0.40219.1
Project("{2150E333-8FDC-42A3-9474-1A3956D46DE8}") = "Solution Items", "Solution Items", "{9A9F60E5-9FE2-488E-96A5-6F953568CEC7}"
	ProjectSection(SolutionItems) = preProject
		.editorconfig = .editorconfig
		README.md = README.md
	EndProjectSection
EndProject
Project("{2150E333-8FDC-42A3-9474-1A3956D46DE8}") = "Tests", "Tests", "{452E304D-6FDC-4752-B57E-AAFA6E2C3634}"
EndProject
Project("{9A19103F-16F7-4668-BE54-9A1E7A4F7556}") = "YouTooCanKanban.API.Integration.Tests", "YouTooCanKanban.API.Integration.Tests\YouTooCanKanban.API.Integration.Tests.csproj", "{C7523F5D-8C1F-4912-B178-7CA357FD05C2}"
EndProject
Project("{9A19103F-16F7-4668-BE54-9A1E7A4F7556}") = "YouTooCanKanban.Architecture.Tests", "YouTooCanKanban.Architecture.Tests\YouTooCanKanban.Architecture.Tests.csproj", "{E12DE862-DCEE-412F-9FDB-7B7E0465BB0E}"
EndProject
Project("{9A19103F-16F7-4668-BE54-9A1E7A4F7556}") = "YouTooCanKanban.Domain", "YouTooCanKanban.Domain\YouTooCanKanban.Domain.csproj", "{83CB18A1-F2D1-4551-9A01-5C95A68DB7F9}"
EndProject
Project("{9A19103F-16F7-4668-BE54-9A1E7A4F7556}") = "YouTooCanKanban.DAL", "YouTooCanKanban.DAL\YouTooCanKanban.DAL.csproj", "{51A7D507-546C-449B-B949-6CD0E91CF3D3}"
EndProject
Project("{9A19103F-16F7-4668-BE54-9A1E7A4F7556}") = "YouTooCanKanban.BLL", "YouTooCanKanban.BLL\YouTooCanKanban.BLL.csproj", "{3A475CFE-82D7-4DAA-84A6-99AB1DCFCD94}"
EndProject
Project("{9A19103F-16F7-4668-BE54-9A1E7A4F7556}") = "YouTooCanKanban.Application", "YouTooCanKanban.Application\YouTooCanKanban.Application.csproj", "{BD0B5B82-73C3-4AE3-A73A-2DC522B8FE36}"
EndProject
Project("{9A19103F-16F7-4668-BE54-9A1E7A4F7556}") = "YouTooCanKanban.API", "YouTooCanKanban.API\YouTooCanKanban.API.csproj", "{6CAB7EC1-3D29-44A3-9A2E-C88AE6AF2C2B}"
EndProject
Global
	GlobalSection(SolutionConfigurationPlatforms) = preSolution
		Debug|Any CPU = Debug|Any CPU
		Release|Any CPU = Release|Any CPU
	EndGlobalSection
	GlobalSection(ProjectConfigurationPlatforms) = postSolution
		{C7523F5D-8C1F-4912-B178-7CA357FD05C2}.Debug|Any CPU.ActiveCfg = Debug|Any CPU
		{C7523F5D-8C1F-4912-B178-7CA357FD05C2}.Debug|Any CPU.Build.0 = Debug|Any CPU
		{C7523F5D-8C1F-4912-B178-7CA357FD05C2}.Release|Any CPU.ActiveCfg = Release|Any CPU
		{C7523F5D-8C1F-4912-B178-7CA357FD05C2}.Release|Any CPU.Build.0 = Release|Any CPU
		{E12DE862-DCEE-412F-9FDB-7B7E0465BB0E}.Debug|Any CPU.ActiveCfg = Debug|Any CPU
		{E12DE862-DCEE-412F-9FDB-7B7E0465BB0E}.Debug|Any CPU.Build.0 = Debug|Any CPU
		{E12DE862-DCEE-412F-9FDB-7B7E0465BB0E}.Release|Any CPU.ActiveCfg = Release|Any CPU
		{E12DE862-DCEE-412F-9FDB-7B7E0465BB0E}.Release|Any CPU.Build.0 = Release|Any CPU
		{83CB18A1-F2D1-4551-9A01-5C95A68DB7F9}.Debug|Any CPU.ActiveCfg = Debug|Any CPU
		{83CB18A1-F2D1-4551-9A01-5C95A68DB7F9}.Debug|Any CPU.Build.0 = Debug|Any CPU
		{83CB18A1-F2D1-4551-9A01-5C95A68DB7F9}.Release|Any CPU.ActiveCfg = Release|Any CPU
		{83CB18A1-F2D1-4551-9A01-5C95A68DB7F9}.Release|Any CPU.Build.0 = Release|Any CPU
		{51A7D507-546C-449B-B949-6CD0E91CF3D3}.Debug|Any CPU.ActiveCfg = Debug|Any CPU
		{51A7D507-546C-449B-B949-6CD0E91CF3D3}.Debug|Any CPU.Build.0 = Debug|Any CPU
		{51A7D507-546C-449B-B949-6CD0E91CF3D3}.Release|Any CPU.ActiveCfg = Release|Any CPU
		{51A7D507-546C-449B-B949-6CD0E91CF3D3}.Release|Any CPU.Build.0 = Release|Any CPU
		{3A475CFE-82D7-4DAA-84A6-99AB1DCFCD94}.Debug|Any CPU.ActiveCfg = Debug|Any CPU
		{3A475CFE-82D7-4DAA-84A6-99AB1DCFCD94}.Debug|Any CPU.Build.0 = Debug|Any CPU
		{3A475CFE-82D7-4DAA-84A6-99AB1DCFCD94}.Release|Any CPU.ActiveCfg = Release|Any CPU
		{3A475CFE-82D7-4DAA-84A6-99AB1DCFCD94}.Release|Any CPU.Build.0 = Release|Any CPU
		{BD0B5B82-73C3-4AE3-A73A-2DC522B8FE36}.Debug|Any CPU.ActiveCfg = Debug|Any CPU
		{BD0B5B82-73C3-4AE3-A73A-2DC522B8FE36}.Debug|Any CPU.Build.0 = Debug|Any CPU
		{BD0B5B82-73C3-4AE3-A73A-2DC522B8FE36}.Release|Any CPU.ActiveCfg = Release|Any CPU
		{BD0B5B82-73C3-4AE3-A73A-2DC522B8FE36}.Release|Any CPU.Build.0 = Release|Any CPU
		{6CAB7EC1-3D29-44A3-9A2E-C88AE6AF2C2B}.Debug|Any CPU.ActiveCfg = Debug|Any CPU
		{6CAB7EC1-3D29-44A3-9A2E-C88AE6AF2C2B}.Debug|Any CPU.Build.0 = Debug|Any CPU
		{6CAB7EC1-3D29-44A3-9A2E-C88AE6AF2C2B}.Release|Any CPU.ActiveCfg = Release|Any CPU
		{6CAB7EC1-3D29-44A3-9A2E-C88AE6AF2C2B}.Release|Any CPU.Build.0 = Release|Any CPU
	EndGlobalSection
	GlobalSection(SolutionProperties) = preSolution
		HideSolutionNode = FALSE
	EndGlobalSection
	GlobalSection(NestedProjects) = preSolution
		{C7523F5D-8C1F-4912-B178-7CA357FD05C2} = {452E304D-6FDC-4752-B57E-AAFA6E2C3634}
		{E12DE862-DCEE-412F-9FDB-7B7E0465BB0E} = {452E304D-6FDC-4752-B57E-AAFA6E2C3634}
	EndGlobalSection
	GlobalSection(ExtensibilityGlobals) = postSolution
		SolutionGuid = {57FC5C63-6E38-4DE2-B40D-CB4CDE6E14FD}
	EndGlobalSection
EndGlobal
